{
  "name": "oi-vscode-helper",
  "version": "0.1.0",
  "lockfileVersion": 3,
  "requires": true,
  "packages": {
    "": {
      "name": "oi-vscode-helper",
      "version": "0.1.0",
      "hasInstallScript": true,
      "license": "MIT",
      "dependencies": {
        "oipage": "^0.2.0",
        "vislite": "^1.2.1"
      },
      "devDependencies": {
        "@types/node": "20.x",
        "@types/vscode": "^1.89.0"
      },
      "engines": {
        "vscode": "^1.89.0"
      }
    },
    "node_modules/@types/node": {
      "version": "20.17.10",
      "resolved": "https://registry.npmmirror.com/@types/node/-/node-20.17.10.tgz",
      "integrity": "sha512-/jrvh5h6NXhEauFFexRin69nA0uHJ5gwk4iDivp/DeoEua3uwCUto6PC86IpRITBOs4+6i2I56K5x5b6WYGXHA==",
      "dev": true,
      "license": "MIT",
      "dependencies": {
        "undici-types": "~6.19.2"
      }
    },
    "node_modules/@types/vscode": {
      "version": "1.96.0",
      "resolved": "https://registry.npmmirror.com/@types/vscode/-/vscode-1.96.0.tgz",
      "integrity": "sha512-qvZbSZo+K4ZYmmDuaodMbAa67Pl6VDQzLKFka6rq+3WUTY4Kro7Bwoi0CuZLO/wema0ygcmpwow7zZfPJTs5jg==",
      "dev": true,
      "license": "MIT"
    },
    "node_modules/oipage": {
      "version": "0.2.0",
      "resolved": "https://registry.npmmirror.com/oipage/-/oipage-0.2.0.tgz",
      "integrity": "sha512-jp56oyKJnIjhl2lU5XJpLD2l512lWydZKeFwWWebRI4RH6fkPc4U2fewhkS3tMq1j5FTqs3pq94/4++1Jo2JkA==",
      "license": "MIT",
      "bin": {
        "oipage-cli": "bin/run"
      }
    },
    "node_modules/undici-types": {
      "version": "6.19.8",
      "resolved": "https://registry.npmmirror.com/undici-types/-/undici-types-6.19.8.tgz",
      "integrity": "sha512-ve2KP6f/JnbPBFyobGHuerC9g1FYGn/F8n1LWTwNxCEzd6IfqTwUQcNXgEtmmQ6DlRrC1hrSrBnCZPokRrDHjw==",
      "dev": true,
      "license": "MIT"
    },
    "node_modules/vislite": {
      "version": "1.2.1",
      "resolved": "https://registry.npmmirror.com/vislite/-/vislite-1.2.1.tgz",
      "integrity": "sha512-OwINv/WVOhwK3GvMCMAB0ezViKMdRPVETGzvx5tNgsj8Jd13GYzmF6TFeZWnuyFApxLPo4ANOb+V9N8rYsfwdA==",
      "license": "MIT",
      "dependencies": {
        "oipage": "^0.1.0"
      }
    },
    "node_modules/vislite/node_modules/oipage": {
      "version": "0.1.0",
      "resolved": "https://registry.npmmirror.com/oipage/-/oipage-0.1.0.tgz",
      "integrity": "sha512-CKMIUWsL2qB81EwEIGKW76mw8FfDOYFNKpJRsSqMW0x8CA7evQzKLAnTQ3DKrEvQM2FgnWPR51WD3GG7A8JTAw==",
      "license": "MIT",
      "bin": {
        "oipage-cli": "bin/run"
      }
    }
  }
}
